PODS:
  - AppAuth (1.6.2):
    - AppAuth/Core (= 1.6.2)
    - AppAuth/ExternalUserAgent (= 1.6.2)
  - AppAuth/Core (1.6.2)
  - AppAuth/ExternalUserAgent (1.6.2):
    - AppAuth/Core
  - auto_orientation (0.0.1):
    - Flutter
  - awesome_notifications (0.8.1):
    - Flutter
    - IosAwnCore (~> 0.8.0)
  - battery_plus (1.0.0):
    - Flutter
  - connectivity_plus (0.0.1):
    - Flutter
    - ReachabilitySwift
  - contacts_service (0.2.2):
    - Flutter
  - country_codes (0.0.1):
    - Flutter
  - device_info_plus (0.0.1):
    - Flutter
  - Flutter (1.0.0)
  - flutter_contacts (0.0.1):
    - Flutter
  - flutter_fgbg (0.0.1):
    - Flutter
  - flutter_image_compress_common (1.0.0):
    - Flutter
    - Mantle
    - SDWebImage
    - SDWebImageWebPCoder
  - flutter_keyboard_visibility (0.0.1):
    - Flutter
  - flutter_mailer (0.0.1):
    - Flutter
  - flutter_native_splash (0.0.1):
    - Flutter
  - flutter_secure_storage (6.0.0):
    - Flutter
  - flutter_vibrate (0.0.1):
    - Flutter
  - google_sign_in_ios (0.0.1):
    - Flutter
    - FlutterMacOS
    - GoogleSignIn (~> 7.0)
  - GoogleSignIn (7.0.0):
    - AppAuth (~> 1.5)
    - GTMAppAuth (< 3.0, >= 1.3)
    - GTMSessionFetcher/Core (< 4.0, >= 1.1)
  - GTMAppAuth (2.0.0):
    - AppAuth/Core (~> 1.6)
    - GTMSessionFetcher/Core (< 4.0, >= 1.5)
  - GTMSessionFetcher/Core (3.3.1)
  - image_picker_ios (0.0.1):
    - Flutter
  - in_app_review (0.2.0):
    - Flutter
  - insta_assets_crop (0.0.1):
    - Flutter
  - IosAwnCore (0.8.0)
  - libwebp (1.3.2):
    - libwebp/demux (= 1.3.2)
    - libwebp/mux (= 1.3.2)
    - libwebp/sharpyuv (= 1.3.2)
    - libwebp/webp (= 1.3.2)
  - libwebp/demux (1.3.2):
    - libwebp/webp
  - libwebp/mux (1.3.2):
    - libwebp/demux
  - libwebp/sharpyuv (1.3.2)
  - libwebp/webp (1.3.2):
    - libwebp/sharpyuv
  - Mantle (2.2.0):
    - Mantle/extobjc (= 2.2.0)
  - Mantle/extobjc (2.2.0)
  - network_info_plus (0.0.1):
    - Flutter
  - open_mail_app (0.0.1):
    - Flutter
  - package_info_plus (0.4.5):
    - Flutter
  - path_provider_foundation (0.0.1):
    - Flutter
    - FlutterMacOS
  - permission_handler_apple (9.1.1):
    - Flutter
  - photo_manager (2.0.0):
    - Flutter
    - FlutterMacOS
  - ReachabilitySwift (5.0.0)
  - SDWebImage (5.18.10):
    - SDWebImage/Core (= 5.18.10)
  - SDWebImage/Core (5.18.10)
  - SDWebImageWebPCoder (0.14.3):
    - libwebp (~> 1.0)
    - SDWebImage/Core (~> 5.17)
  - sensors_plus (0.0.1):
    - Flutter
  - share_plus (0.0.1):
    - Flutter
  - shared_preferences_foundation (0.0.1):
    - Flutter
    - FlutterMacOS
  - sqflite (0.0.3):
    - Flutter
    - FlutterMacOS
  - url_launcher_ios (0.0.1):
    - Flutter
  - video_player_avfoundation (0.0.1):
    - Flutter
    - FlutterMacOS

DEPENDENCIES:
  - auto_orientation (from `.symlinks/plugins/auto_orientation/ios`)
  - awesome_notifications (from `.symlinks/plugins/awesome_notifications/ios`)
  - battery_plus (from `.symlinks/plugins/battery_plus/ios`)
  - connectivity_plus (from `.symlinks/plugins/connectivity_plus/ios`)
  - contacts_service (from `.symlinks/plugins/contacts_service/ios`)
  - country_codes (from `.symlinks/plugins/country_codes/ios`)
  - device_info_plus (from `.symlinks/plugins/device_info_plus/ios`)
  - Flutter (from `Flutter`)
  - flutter_contacts (from `.symlinks/plugins/flutter_contacts/ios`)
  - flutter_fgbg (from `.symlinks/plugins/flutter_fgbg/ios`)
  - flutter_image_compress_common (from `.symlinks/plugins/flutter_image_compress_common/ios`)
  - flutter_keyboard_visibility (from `.symlinks/plugins/flutter_keyboard_visibility/ios`)
  - flutter_mailer (from `.symlinks/plugins/flutter_mailer/ios`)
  - flutter_native_splash (from `.symlinks/plugins/flutter_native_splash/ios`)
  - flutter_secure_storage (from `.symlinks/plugins/flutter_secure_storage/ios`)
  - flutter_vibrate (from `.symlinks/plugins/flutter_vibrate/ios`)
  - google_sign_in_ios (from `.symlinks/plugins/google_sign_in_ios/darwin`)
  - image_picker_ios (from `.symlinks/plugins/image_picker_ios/ios`)
  - in_app_review (from `.symlinks/plugins/in_app_review/ios`)
  - insta_assets_crop (from `.symlinks/plugins/insta_assets_crop/ios`)
  - network_info_plus (from `.symlinks/plugins/network_info_plus/ios`)
  - open_mail_app (from `.symlinks/plugins/open_mail_app/ios`)
  - package_info_plus (from `.symlinks/plugins/package_info_plus/ios`)
  - path_provider_foundation (from `.symlinks/plugins/path_provider_foundation/darwin`)
  - permission_handler_apple (from `.symlinks/plugins/permission_handler_apple/ios`)
  - photo_manager (from `.symlinks/plugins/photo_manager/ios`)
  - sensors_plus (from `.symlinks/plugins/sensors_plus/ios`)
  - share_plus (from `.symlinks/plugins/share_plus/ios`)
  - shared_preferences_foundation (from `.symlinks/plugins/shared_preferences_foundation/darwin`)
  - sqflite (from `.symlinks/plugins/sqflite/darwin`)
  - url_launcher_ios (from `.symlinks/plugins/url_launcher_ios/ios`)
  - video_player_avfoundation (from `.symlinks/plugins/video_player_avfoundation/darwin`)

SPEC REPOS:
  trunk:
    - AppAuth
    - GoogleSignIn
    - GTMAppAuth
    - GTMSessionFetcher
    - IosAwnCore
    - libwebp
    - Mantle
    - ReachabilitySwift
    - SDWebImage
    - SDWebImageWebPCoder

EXTERNAL SOURCES:
  auto_orientation:
    :path: ".symlinks/plugins/auto_orientation/ios"
  awesome_notifications:
    :path: ".symlinks/plugins/awesome_notifications/ios"
  battery_plus:
    :path: ".symlinks/plugins/battery_plus/ios"
  connectivity_plus:
    :path: ".symlinks/plugins/connectivity_plus/ios"
  contacts_service:
    :path: ".symlinks/plugins/contacts_service/ios"
  country_codes:
    :path: ".symlinks/plugins/country_codes/ios"
  device_info_plus:
    :path: ".symlinks/plugins/device_info_plus/ios"
  Flutter:
    :path: Flutter
  flutter_contacts:
    :path: ".symlinks/plugins/flutter_contacts/ios"
  flutter_fgbg:
    :path: ".symlinks/plugins/flutter_fgbg/ios"
  flutter_image_compress_common:
    :path: ".symlinks/plugins/flutter_image_compress_common/ios"
  flutter_keyboard_visibility:
    :path: ".symlinks/plugins/flutter_keyboard_visibility/ios"
  flutter_mailer:
    :path: ".symlinks/plugins/flutter_mailer/ios"
  flutter_native_splash:
    :path: ".symlinks/plugins/flutter_native_splash/ios"
  flutter_secure_storage:
    :path: ".symlinks/plugins/flutter_secure_storage/ios"
  flutter_vibrate:
    :path: ".symlinks/plugins/flutter_vibrate/ios"
  google_sign_in_ios:
    :path: ".symlinks/plugins/google_sign_in_ios/darwin"
  image_picker_ios:
    :path: ".symlinks/plugins/image_picker_ios/ios"
  in_app_review:
    :path: ".symlinks/plugins/in_app_review/ios"
  insta_assets_crop:
    :path: ".symlinks/plugins/insta_assets_crop/ios"
  network_info_plus:
    :path: ".symlinks/plugins/network_info_plus/ios"
  open_mail_app:
    :path: ".symlinks/plugins/open_mail_app/ios"
  package_info_plus:
    :path: ".symlinks/plugins/package_info_plus/ios"
  path_provider_foundation:
    :path: ".symlinks/plugins/path_provider_foundation/darwin"
  permission_handler_apple:
    :path: ".symlinks/plugins/permission_handler_apple/ios"
  photo_manager:
    :path: ".symlinks/plugins/photo_manager/ios"
  sensors_plus:
    :path: ".symlinks/plugins/sensors_plus/ios"
  share_plus:
    :path: ".symlinks/plugins/share_plus/ios"
  shared_preferences_foundation:
    :path: ".symlinks/plugins/shared_preferences_foundation/darwin"
  sqflite:
    :path: ".symlinks/plugins/sqflite/darwin"
  url_launcher_ios:
    :path: ".symlinks/plugins/url_launcher_ios/ios"
  video_player_avfoundation:
    :path: ".symlinks/plugins/video_player_avfoundation/darwin"

SPEC CHECKSUMS:
  AppAuth: 3bb1d1cd9340bd09f5ed189fb00b1cc28e1e8570
  auto_orientation: 102ed811a5938d52c86520ddd7ecd3a126b5d39d
  awesome_notifications: db394d2e061e4583ba0f738ddea611e3986cc3fb
  battery_plus: 3b68b6e7710fe49c022999753d22760e6dbbc471
  connectivity_plus: bf0076dd84a130856aa636df1c71ccaff908fa1d
  contacts_service: 849e1f84281804c8bfbec1b4c3eedcb23c5d3eca
  country_codes: b0900f46ad686281d5dab438e354e44ad10f5941
  device_info_plus: c6fb39579d0f423935b0c9ce7ee2f44b71b9fce6
  Flutter: e0871f40cf51350855a761d2e70bf5af5b9b5de7
  flutter_contacts: edb1c5ce76aa433e20e6cb14c615f4c0b66e0983
  flutter_fgbg: 31c0d1140a131daea2d342121808f6aa0dcd879d
  flutter_image_compress_common: ec1d45c362c9d30a3f6a0426c297f47c52007e3e
  flutter_keyboard_visibility: 0339d06371254c3eb25eeb90ba8d17dca8f9c069
  flutter_mailer: 2ef5a67087bc8c6c4cefd04a178bf1ae2c94cd83
  flutter_native_splash: 52501b97d1c0a5f898d687f1646226c1f93c56ef
  flutter_secure_storage: 23fc622d89d073675f2eaa109381aefbcf5a49be
  flutter_vibrate: 9f4c2ab57008965f78969472367c329dd77eb801
  google_sign_in_ios: 1bfaf6607b44cd1b24c4d4bc39719870440f9ce1
  GoogleSignIn: b232380cf495a429b8095d3178a8d5855b42e842
  GTMAppAuth: 99fb010047ba3973b7026e45393f51f27ab965ae
  GTMSessionFetcher: 8a1b34ad97ebe6f909fb8b9b77fba99943007556
  image_picker_ios: 99dfe1854b4fa34d0364e74a78448a0151025425
  in_app_review: 318597b3a06c22bb46dc454d56828c85f444f99d
  insta_assets_crop: 46c0be4cbfe48cff466b6924ec93b77f656ebaa8
  IosAwnCore: ed1b2b6d84962a758354dbacd9ce525c72ce28a9
  libwebp: 1786c9f4ff8a279e4dac1e8f385004d5fc253009
  Mantle: c5aa8794a29a022dfbbfc9799af95f477a69b62d
  network_info_plus: 6d0c3eb8367b8164fa3fb0c19875e3f59d49697f
  open_mail_app: 794172f6a22cd16319d3ddaf45e945b2f74952b0
  package_info_plus: 115f4ad11e0698c8c1c5d8a689390df880f47e85
  path_provider_foundation: 3784922295ac71e43754bd15e0653ccfd36a147c
  permission_handler_apple: e76247795d700c14ea09e3a2d8855d41ee80a2e6
  photo_manager: 4f6810b7dfc4feb03b461ac1a70dacf91fba7604
  ReachabilitySwift: 985039c6f7b23a1da463388634119492ff86c825
  SDWebImage: fc8f2d48bbfd72ef39d70e981bd24a3f3be53fec
  SDWebImageWebPCoder: d25b638fc2c98782072f159165f22232f225b9d7
  sensors_plus: 42b9de1b8237675fa8d8121e4bb93be0f79fa61d
  share_plus: c3fef564749587fc939ef86ffb283ceac0baf9f5
  shared_preferences_foundation: b4c3b4cddf1c21f02770737f147a3f5da9d39695
  sqflite: 673a0e54cc04b7d6dba8d24fb8095b31c3a99eec
  url_launcher_ios: bbd758c6e7f9fd7b5b1d4cde34d2b95fcce5e812
  video_player_avfoundation: 02011213dab73ae3687df27ce441fbbcc82b5579

PODFILE CHECKSUM: 068123bc58328ce7c6982a2793243a409e9b923a

COCOAPODS: 1.12.1
